// !$*UTF8*$!
{
	archiveVersion = 1;
	classes = {
	};
	objectVersion = 56;
	objects = {

/* Begin PBXBuildFile section */
		6A36FBFA2AD91759005786F6 /* ScrollViewBootcamp.swift in Sources */ = {isa = PBXBuildFile; fileRef = 6A36FBF92AD91759005786F6 /* ScrollViewBootcamp.swift */; };
		6A54F0A12AD7C272008F296D /* PaddingAndSpacingBootcamp.swift in Sources */ = {isa = PBXBuildFile; fileRef = 6A54F0A02AD7C272008F296D /* PaddingAndSpacingBootcamp.swift */; };
		6A54F0A32AD7C671008F296D /* SpacerBootcamp.swift in Sources */ = {isa = PBXBuildFile; fileRef = 6A54F0A22AD7C671008F296D /* SpacerBootcamp.swift */; };
		6A54F0A52AD80F53008F296D /* InitializerBootcamp.swift in Sources */ = {isa = PBXBuildFile; fileRef = 6A54F0A42AD80F53008F296D /* InitializerBootcamp.swift */; };
		6A5F41762A34DF920095B209 /* SwiftUIBasicsApp.swift in Sources */ = {isa = PBXBuildFile; fileRef = 6A5F41752A34DF920095B209 /* SwiftUIBasicsApp.swift */; };
		6A5F41782A34DF920095B209 /* ContentView.swift in Sources */ = {isa = PBXBuildFile; fileRef = 6A5F41772A34DF920095B209 /* ContentView.swift */; };
		6A5F417A2A34DF940095B209 /* Assets.xcassets in Resources */ = {isa = PBXBuildFile; fileRef = 6A5F41792A34DF940095B209 /* Assets.xcassets */; };
		6A5F417D2A34DF940095B209 /* Preview Assets.xcassets in Resources */ = {isa = PBXBuildFile; fileRef = 6A5F417C2A34DF940095B209 /* Preview Assets.xcassets */; };
		6A5F41842A34E5820095B209 /* TextBootCamp.swift in Sources */ = {isa = PBXBuildFile; fileRef = 6A5F41832A34E5820095B209 /* TextBootCamp.swift */; };
		6A853FD52ACDD31700338AE3 /* BackgroundAndOverlayBootcamp.swift in Sources */ = {isa = PBXBuildFile; fileRef = 6A853FD42ACDD31700338AE3 /* BackgroundAndOverlayBootcamp.swift */; };
		6A8D17212A3CD12900E7BEA4 /* IconBootcamp.swift in Sources */ = {isa = PBXBuildFile; fileRef = 6A8D17202A3CD12900E7BEA4 /* IconBootcamp.swift */; };
		6AB1B6892ACC859E0097BE51 /* ImageBootcamp.swift in Sources */ = {isa = PBXBuildFile; fileRef = 6AB1B6882ACC859E0097BE51 /* ImageBootcamp.swift */; };
		6AB1B68B2ACC8D500097BE51 /* FrameBootcamp.swift in Sources */ = {isa = PBXBuildFile; fileRef = 6AB1B68A2ACC8D500097BE51 /* FrameBootcamp.swift */; };
		6AEA7D8C2A3781CB00780E59 /* ShapesBootcamp.swift in Sources */ = {isa = PBXBuildFile; fileRef = 6AEA7D8B2A3781CB00780E59 /* ShapesBootcamp.swift */; };
		6AEA7D8E2A37861900780E59 /* ColorsBootcamp.swift in Sources */ = {isa = PBXBuildFile; fileRef = 6AEA7D8D2A37861900780E59 /* ColorsBootcamp.swift */; };
		6AEA7D902A37912200780E59 /* GradientBootcamp.swift in Sources */ = {isa = PBXBuildFile; fileRef = 6AEA7D8F2A37912200780E59 /* GradientBootcamp.swift */; };
/* End PBXBuildFile section */

/* Begin PBXFileReference section */
		6A36FBF92AD91759005786F6 /* ScrollViewBootcamp.swift */ = {isa = PBXFileReference; lastKnownFileType = sourcecode.swift; path = ScrollViewBootcamp.swift; sourceTree = "<group>"; };
		6A54F0A02AD7C272008F296D /* PaddingAndSpacingBootcamp.swift */ = {isa = PBXFileReference; lastKnownFileType = sourcecode.swift; path = PaddingAndSpacingBootcamp.swift; sourceTree = "<group>"; };
		6A54F0A22AD7C671008F296D /* SpacerBootcamp.swift */ = {isa = PBXFileReference; lastKnownFileType = sourcecode.swift; path = SpacerBootcamp.swift; sourceTree = "<group>"; };
		6A54F0A42AD80F53008F296D /* InitializerBootcamp.swift */ = {isa = PBXFileReference; lastKnownFileType = sourcecode.swift; path = InitializerBootcamp.swift; sourceTree = "<group>"; };
		6A5F41722A34DF920095B209 /* SwiftUIBasics.app */ = {isa = PBXFileReference; explicitFileType = wrapper.application; includeInIndex = 0; path = SwiftUIBasics.app; sourceTree = BUILT_PRODUCTS_DIR; };
		6A5F41752A34DF920095B209 /* SwiftUIBasicsApp.swift */ = {isa = PBXFileReference; lastKnownFileType = sourcecode.swift; path = SwiftUIBasicsApp.swift; sourceTree = "<group>"; };
		6A5F41772A34DF920095B209 /* ContentView.swift */ = {isa = PBXFileReference; lastKnownFileType = sourcecode.swift; path = ContentView.swift; sourceTree = "<group>"; };
		6A5F41792A34DF940095B209 /* Assets.xcassets */ = {isa = PBXFileReference; lastKnownFileType = folder.assetcatalog; path = Assets.xcassets; sourceTree = "<group>"; };
		6A5F417C2A34DF940095B209 /* Preview Assets.xcassets */ = {isa = PBXFileReference; lastKnownFileType = folder.assetcatalog; path = "Preview Assets.xcassets"; sourceTree = "<group>"; };
		6A5F41832A34E5820095B209 /* TextBootCamp.swift */ = {isa = PBXFileReference; lastKnownFileType = sourcecode.swift; path = TextBootCamp.swift; sourceTree = "<group>"; };
		6A853FD42ACDD31700338AE3 /* BackgroundAndOverlayBootcamp.swift */ = {isa = PBXFileReference; lastKnownFileType = sourcecode.swift; path = BackgroundAndOverlayBootcamp.swift; sourceTree = "<group>"; };
		6A8D17202A3CD12900E7BEA4 /* IconBootcamp.swift */ = {isa = PBXFileReference; lastKnownFileType = sourcecode.swift; path = IconBootcamp.swift; sourceTree = "<group>"; };
		6AB1B6882ACC859E0097BE51 /* ImageBootcamp.swift */ = {isa = PBXFileReference; lastKnownFileType = sourcecode.swift; path = ImageBootcamp.swift; sourceTree = "<group>"; };
		6AB1B68A2ACC8D500097BE51 /* FrameBootcamp.swift */ = {isa = PBXFileReference; lastKnownFileType = sourcecode.swift; path = FrameBootcamp.swift; sourceTree = "<group>"; };
		6AEA7D8B2A3781CB00780E59 /* ShapesBootcamp.swift */ = {isa = PBXFileReference; lastKnownFileType = sourcecode.swift; path = ShapesBootcamp.swift; sourceTree = "<group>"; };
		6AEA7D8D2A37861900780E59 /* ColorsBootcamp.swift */ = {isa = PBXFileReference; lastKnownFileType = sourcecode.swift; path = ColorsBootcamp.swift; sourceTree = "<group>"; };
		6AEA7D8F2A37912200780E59 /* GradientBootcamp.swift */ = {isa = PBXFileReference; lastKnownFileType = sourcecode.swift; path = GradientBootcamp.swift; sourceTree = "<group>"; };
/* End PBXFileReference section */

/* Begin PBXFrameworksBuildPhase section */
		6A5F416F2A34DF920095B209 /* Frameworks */ = {
			isa = PBXFrameworksBuildPhase;
			buildActionMask = 2147483647;
			files = (
			);
			runOnlyForDeploymentPostprocessing = 0;
		};
/* End PBXFrameworksBuildPhase section */

/* Begin PBXGroup section */
		6A5F41692A34DF920095B209 = {
			isa = PBXGroup;
			children = (
				6A5F41742A34DF920095B209 /* SwiftUIBasics */,
				6A5F41732A34DF920095B209 /* Products */,
			);
			sourceTree = "<group>";
		};
		6A5F41732A34DF920095B209 /* Products */ = {
			isa = PBXGroup;
			children = (
				6A5F41722A34DF920095B209 /* SwiftUIBasics.app */,
			);
			name = Products;
			sourceTree = "<group>";
		};
		6A5F41742A34DF920095B209 /* SwiftUIBasics */ = {
			isa = PBXGroup;
			children = (
				6A5F41752A34DF920095B209 /* SwiftUIBasicsApp.swift */,
				6A5F41832A34E5820095B209 /* TextBootCamp.swift */,
				6A5F41772A34DF920095B209 /* ContentView.swift */,
				6AEA7D8B2A3781CB00780E59 /* ShapesBootcamp.swift */,
				6A8D17202A3CD12900E7BEA4 /* IconBootcamp.swift */,
				6AEA7D8D2A37861900780E59 /* ColorsBootcamp.swift */,
				6AB1B6882ACC859E0097BE51 /* ImageBootcamp.swift */,
				6AEA7D8F2A37912200780E59 /* GradientBootcamp.swift */,
				6A853FD42ACDD31700338AE3 /* BackgroundAndOverlayBootcamp.swift */,
				6AB1B68A2ACC8D500097BE51 /* FrameBootcamp.swift */,
				6A5F41792A34DF940095B209 /* Assets.xcassets */,
				6A5F417B2A34DF940095B209 /* Preview Content */,
				6A54F0A02AD7C272008F296D /* PaddingAndSpacingBootcamp.swift */,
				6A54F0A22AD7C671008F296D /* SpacerBootcamp.swift */,
				6A54F0A42AD80F53008F296D /* InitializerBootcamp.swift */,
				6A36FBF92AD91759005786F6 /* ScrollViewBootcamp.swift */,
			);
			path = SwiftUIBasics;
			sourceTree = "<group>";
		};
		6A5F417B2A34DF940095B209 /* Preview Content */ = {
			isa = PBXGroup;
			children = (
				6A5F417C2A34DF940095B209 /* Preview Assets.xcassets */,
			);
			path = "Preview Content";
			sourceTree = "<group>";
		};
/* End PBXGroup section */

/* Begin PBXNativeTarget section */
		6A5F41712A34DF920095B209 /* SwiftUIBasics */ = {
			isa = PBXNativeTarget;
			buildConfigurationList = 6A5F41802A34DF940095B209 /* Build configuration list for PBXNativeTarget "SwiftUIBasics" */;
			buildPhases = (
				6A5F416E2A34DF920095B209 /* Sources */,
				6A5F416F2A34DF920095B209 /* Frameworks */,
				6A5F41702A34DF920095B209 /* Resources */,
			);
			buildRules = (
			);
			dependencies = (
			);
			name = SwiftUIBasics;
			productName = SwiftUIBasics;
			productReference = 6A5F41722A34DF920095B209 /* SwiftUIBasics.app */;
			productType = "com.apple.product-type.application";
		};
/* End PBXNativeTarget section */

/* Begin PBXProject section */
		6A5F416A2A34DF920095B209 /* Project object */ = {
			isa = PBXProject;
			attributes = {
				BuildIndependentTargetsInParallel = 1;
				LastSwiftUpdateCheck = 1430;
				LastUpgradeCheck = 1430;
				TargetAttributes = {
					6A5F41712A34DF920095B209 = {
						CreatedOnToolsVersion = 14.3;
					};
				};
			};
			buildConfigurationList = 6A5F416D2A34DF920095B209 /* Build configuration list for PBXProject "SwiftUIBasics" */;
			compatibilityVersion = "Xcode 14.0";
			developmentRegion = en;
			hasScannedForEncodings = 0;
			knownRegions = (
				en,
				Base,
			);
			mainGroup = 6A5F41692A34DF920095B209;
			productRefGroup = 6A5F41732A34DF920095B209 /* Products */;
			projectDirPath = "";
			projectRoot = "";
			targets = (
				6A5F41712A34DF920095B209 /* SwiftUIBasics */,
			);
		};
/* End PBXProject section */

/* Begin PBXResourcesBuildPhase section */
		6A5F41702A34DF920095B209 /* Resources */ = {
			isa = PBXResourcesBuildPhase;
			buildActionMask = 2147483647;
			files = (
				6A5F417D2A34DF940095B209 /* Preview Assets.xcassets in Resources */,
				6A5F417A2A34DF940095B209 /* Assets.xcassets in Resources */,
			);
			runOnlyForDeploymentPostprocessing = 0;
		};
/* End PBXResourcesBuildPhase section */

/* Begin PBXSourcesBuildPhase section */
		6A5F416E2A34DF920095B209 /* Sources */ = {
			isa = PBXSourcesBuildPhase;
			buildActionMask = 2147483647;
			files = (
				6AEA7D8E2A37861900780E59 /* ColorsBootcamp.swift in Sources */,
				6A853FD52ACDD31700338AE3 /* BackgroundAndOverlayBootcamp.swift in Sources */,
				6AEA7D8C2A3781CB00780E59 /* ShapesBootcamp.swift in Sources */,
				6AB1B68B2ACC8D500097BE51 /* FrameBootcamp.swift in Sources */,
				6A36FBFA2AD91759005786F6 /* ScrollViewBootcamp.swift in Sources */,
				6A8D17212A3CD12900E7BEA4 /* IconBootcamp.swift in Sources */,
				6A5F41782A34DF920095B209 /* ContentView.swift in Sources */,
				6A54F0A32AD7C671008F296D /* SpacerBootcamp.swift in Sources */,
				6A54F0A52AD80F53008F296D /* InitializerBootcamp.swift in Sources */,
				6A54F0A12AD7C272008F296D /* PaddingAndSpacingBootcamp.swift in Sources */,
				6A5F41762A34DF920095B209 /* SwiftUIBasicsApp.swift in Sources */,
				6AEA7D902A37912200780E59 /* GradientBootcamp.swift in Sources */,
				6AB1B6892ACC859E0097BE51 /* ImageBootcamp.swift in Sources */,
				6A5F41842A34E5820095B209 /* TextBootCamp.swift in Sources */,
			);
			runOnlyForDeploymentPostprocessing = 0;
		};
/* End PBXSourcesBuildPhase section */

/* Begin XCBuildConfiguration section */
		6A5F417E2A34DF940095B209 /* Debug */ = {
			isa = XCBuildConfiguration;
			buildSettings = {
				ALWAYS_SEARCH_USER_PATHS = NO;
				CLANG_ANALYZER_NONNULL = YES;
				CLANG_ANALYZER_NUMBER_OBJECT_CONVERSION = YES_AGGRESSIVE;
				CLANG_CXX_LANGUAGE_STANDARD = "gnu++20";
				CLANG_ENABLE_MODULES = YES;
				CLANG_ENABLE_OBJC_ARC = YES;
				CLANG_ENABLE_OBJC_WEAK = YES;
				CLANG_WARN_BLOCK_CAPTURE_AUTORELEASING = YES;
				CLANG_WARN_BOOL_CONVERSION = YES;
				CLANG_WARN_COMMA = YES;
				CLANG_WARN_CONSTANT_CONVERSION = YES;
				CLANG_WARN_DEPRECATED_OBJC_IMPLEMENTATIONS = YES;
				CLANG_WARN_DIRECT_OBJC_ISA_USAGE = YES_ERROR;
				CLANG_WARN_DOCUMENTATION_COMMENTS = YES;
				CLANG_WARN_EMPTY_BODY = YES;
				CLANG_WARN_ENUM_CONVERSION = YES;
				CLANG_WARN_INFINITE_RECURSION = YES;
				CLANG_WARN_INT_CONVERSION = YES;
				CLANG_WARN_NON_LITERAL_NULL_CONVERSION = YES;
				CLANG_WARN_OBJC_IMPLICIT_RETAIN_SELF = YES;
				CLANG_WARN_OBJC_LITERAL_CONVERSION = YES;
				CLANG_WARN_OBJC_ROOT_CLASS = YES_ERROR;
				CLANG_WARN_QUOTED_INCLUDE_IN_FRAMEWORK_HEADER = YES;
				CLANG_WARN_RANGE_LOOP_ANALYSIS = YES;
				CLANG_WARN_STRICT_PROTOTYPES = YES;
				CLANG_WARN_SUSPICIOUS_MOVE = YES;
				CLANG_WARN_UNGUARDED_AVAILABILITY = YES_AGGRESSIVE;
				CLANG_WARN_UNREACHABLE_CODE = YES;
				CLANG_WARN__DUPLICATE_METHOD_MATCH = YES;
				COPY_PHASE_STRIP = NO;
				DEBUG_INFORMATION_FORMAT = dwarf;
				ENABLE_STRICT_OBJC_MSGSEND = YES;
				ENABLE_TESTABILITY = YES;
				GCC_C_LANGUAGE_STANDARD = gnu11;
				GCC_DYNAMIC_NO_PIC = NO;
				GCC_NO_COMMON_BLOCKS = YES;
				GCC_OPTIMIZATION_LEVEL = 0;
				GCC_PREPROCESSOR_DEFINITIONS = (
					"DEBUG=1",
					"$(inherited)",
				);
				GCC_WARN_64_TO_32_BIT_CONVERSION = YES;
				GCC_WARN_ABOUT_RETURN_TYPE = YES_ERROR;
				GCC_WARN_UNDECLARED_SELECTOR = YES;
				GCC_WARN_UNINITIALIZED_AUTOS = YES_AGGRESSIVE;
				GCC_WARN_UNUSED_FUNCTION = YES;
				GCC_WARN_UNUSED_VARIABLE = YES;
				IPHONEOS_DEPLOYMENT_TARGET = 16.4;
				MTL_ENABLE_DEBUG_INFO = INCLUDE_SOURCE;
				MTL_FAST_MATH = YES;
				ONLY_ACTIVE_ARCH = YES;
				SDKROOT = iphoneos;
				SWIFT_ACTIVE_COMPILATION_CONDITIONS = DEBUG;
				SWIFT_OPTIMIZATION_LEVEL = "-Onone";
			};
			name = Debug;
		};
		6A5F417F2A34DF940095B209 /* Release */ = {
			isa = XCBuildConfiguration;
			buildSettings = {
				ALWAYS_SEARCH_USER_PATHS = NO;
				CLANG_ANALYZER_NONNULL = YES;
				CLANG_ANALYZER_NUMBER_OBJECT_CONVERSION = YES_AGGRESSIVE;
				CLANG_CXX_LANGUAGE_STANDARD = "gnu++20";
				CLANG_ENABLE_MODULES = YES;
				CLANG_ENABLE_OBJC_ARC = YES;
				CLANG_ENABLE_OBJC_WEAK = YES;
				CLANG_WARN_BLOCK_CAPTURE_AUTORELEASING = YES;
				CLANG_WARN_BOOL_CONVERSION = YES;
				CLANG_WARN_COMMA = YES;
				CLANG_WARN_CONSTANT_CONVERSION = YES;
				CLANG_WARN_DEPRECATED_OBJC_IMPLEMENTATIONS = YES;
				CLANG_WARN_DIRECT_OBJC_ISA_USAGE = YES_ERROR;
				CLANG_WARN_DOCUMENTATION_COMMENTS = YES;
				CLANG_WARN_EMPTY_BODY = YES;
				CLANG_WARN_ENUM_CONVERSION = YES;
				CLANG_WARN_INFINITE_RECURSION = YES;
				CLANG_WARN_INT_CONVERSION = YES;
				CLANG_WARN_NON_LITERAL_NULL_CONVERSION = YES;
				CLANG_WARN_OBJC_IMPLICIT_RETAIN_SELF = YES;
				CLANG_WARN_OBJC_LITERAL_CONVERSION = YES;
				CLANG_WARN_OBJC_ROOT_CLASS = YES_ERROR;
				CLANG_WARN_QUOTED_INCLUDE_IN_FRAMEWORK_HEADER = YES;
				CLANG_WARN_RANGE_LOOP_ANALYSIS = YES;
				CLANG_WARN_STRICT_PROTOTYPES = YES;
				CLANG_WARN_SUSPICIOUS_MOVE = YES;
				CLANG_WARN_UNGUARDED_AVAILABILITY = YES_AGGRESSIVE;
				CLANG_WARN_UNREACHABLE_CODE = YES;
				CLANG_WARN__DUPLICATE_METHOD_MATCH = YES;
				COPY_PHASE_STRIP = NO;
				DEBUG_INFORMATION_FORMAT = "dwarf-with-dsym";
				ENABLE_NS_ASSERTIONS = NO;
				ENABLE_STRICT_OBJC_MSGSEND = YES;
				GCC_C_LANGUAGE_STANDARD = gnu11;
				GCC_NO_COMMON_BLOCKS = YES;
				GCC_WARN_64_TO_32_BIT_CONVERSION = YES;
				GCC_WARN_ABOUT_RETURN_TYPE = YES_ERROR;
				GCC_WARN_UNDECLARED_SELECTOR = YES;
				GCC_WARN_UNINITIALIZED_AUTOS = YES_AGGRESSIVE;
				GCC_WARN_UNUSED_FUNCTION = YES;
				GCC_WARN_UNUSED_VARIABLE = YES;
				IPHONEOS_DEPLOYMENT_TARGET = 16.4;
				MTL_ENABLE_DEBUG_INFO = NO;
				MTL_FAST_MATH = YES;
				SDKROOT = iphoneos;
				SWIFT_COMPILATION_MODE = wholemodule;
				SWIFT_OPTIMIZATION_LEVEL = "-O";
				VALIDATE_PRODUCT = YES;
			};
			name = Release;
		};
		6A5F41812A34DF940095B209 /* Debug */ = {
			isa = XCBuildConfiguration;
			buildSettings = {
				ASSETCATALOG_COMPILER_APPICON_NAME = AppIcon;
				ASSETCATALOG_COMPILER_GLOBAL_ACCENT_COLOR_NAME = AccentColor;
				CODE_SIGN_STYLE = Automatic;
				CURRENT_PROJECT_VERSION = 1;
				DEVELOPMENT_ASSET_PATHS = "\"SwiftUIBasics/Preview Content\"";
				ENABLE_PREVIEWS = YES;
				GENERATE_INFOPLIST_FILE = YES;
				INFOPLIST_KEY_CFBundleDisplayName = BootCamp;
				INFOPLIST_KEY_UIApplicationSceneManifest_Generation = YES;
				INFOPLIST_KEY_UIApplicationSupportsIndirectInputEvents = YES;
				INFOPLIST_KEY_UILaunchScreen_Generation = YES;
				INFOPLIST_KEY_UISupportedInterfaceOrientations_iPad = "UIInterfaceOrientationPortrait UIInterfaceOrientationPortraitUpsideDown UIInterfaceOrientationLandscapeLeft UIInterfaceOrientationLandscapeRight";
				INFOPLIST_KEY_UISupportedInterfaceOrientations_iPhone = "UIInterfaceOrientationPortrait UIInterfaceOrientationLandscapeLeft UIInterfaceOrientationLandscapeRight";
				IPHONEOS_DEPLOYMENT_TARGET = 16.0;
				LD_RUNPATH_SEARCH_PATHS = (
					"$(inherited)",
					"@executable_path/Frameworks",
				);
				MARKETING_VERSION = 1.0;
				PRODUCT_BUNDLE_IDENTIFIER = shivam.maheshwari.SwiftUIBasics;
				PRODUCT_NAME = "$(TARGET_NAME)";
				SWIFT_EMIT_LOC_STRINGS = YES;
				SWIFT_VERSION = 5.0;
				TARGETED_DEVICE_FAMILY = "1,2";
			};
			name = Debug;
		};
		6A5F41822A34DF940095B209 /* Release */ = {
			isa = XCBuildConfiguration;
			buildSettings = {
				ASSETCATALOG_COMPILER_APPICON_NAME = AppIcon;
				ASSETCATALOG_COMPILER_GLOBAL_ACCENT_COLOR_NAME = AccentColor;
				CODE_SIGN_STYLE = Automatic;
				CURRENT_PROJECT_VERSION = 1;
				DEVELOPMENT_ASSET_PATHS = "\"SwiftUIBasics/Preview Content\"";
				ENABLE_PREVIEWS = YES;
				GENERATE_INFOPLIST_FILE = YES;
				INFOPLIST_KEY_CFBundleDisplayName = BootCamp;
				INFOPLIST_KEY_UIApplicationSceneManifest_Generation = YES;
				INFOPLIST_KEY_UIApplicationSupportsIndirectInputEvents = YES;
				INFOPLIST_KEY_UILaunchScreen_Generation = YES;
				INFOPLIST_KEY_UISupportedInterfaceOrientations_iPad = "UIInterfaceOrientationPortrait UIInterfaceOrientationPortraitUpsideDown UIInterfaceOrientationLandscapeLeft UIInterfaceOrientationLandscapeRight";
				INFOPLIST_KEY_UISupportedInterfaceOrientations_iPhone = "UIInterfaceOrientationPortrait UIInterfaceOrientationLandscapeLeft UIInterfaceOrientationLandscapeRight";
				IPHONEOS_DEPLOYMENT_TARGET = 16.0;
				LD_RUNPATH_SEARCH_PATHS = (
					"$(inherited)",
					"@executable_path/Frameworks",
				);
				MARKETING_VERSION = 1.0;
				PRODUCT_BUNDLE_IDENTIFIER = shivam.maheshwari.SwiftUIBasics;
				PRODUCT_NAME = "$(TARGET_NAME)";
				SWIFT_EMIT_LOC_STRINGS = YES;
				SWIFT_VERSION = 5.0;
				TARGETED_DEVICE_FAMILY = "1,2";
			};
			name = Release;
		};
/* End XCBuildConfiguration section */

/* Begin XCConfigurationList section */
		6A5F416D2A34DF920095B209 /* Build configuration list for PBXProject "SwiftUIBasics" */ = {
			isa = XCConfigurationList;
			buildConfigurations = (
				6A5F417E2A34DF940095B209 /* Debug */,
				6A5F417F2A34DF940095B209 /* Release */,
			);
			defaultConfigurationIsVisible = 0;
			defaultConfigurationName = Release;
		};
		6A5F41802A34DF940095B209 /* Build configuration list for PBXNativeTarget "SwiftUIBasics" */ = {
			isa = XCConfigurationList;
			buildConfigurations = (
				6A5F41812A34DF940095B209 /* Debug */,
				6A5F41822A34DF940095B209 /* Release */,
			);
			defaultConfigurationIsVisible = 0;
			defaultConfigurationName = Release;
		};
/* End XCConfigurationList section */
	};
	rootObject = 6A5F416A2A34DF920095B209 /* Project object */;
}
